PODS:
  - Alamofire (5.0.0-rc.3)
  - KeychainAccess (4.1.0)
  - MarqueeLabel (4.0.1)
  - MaterialComponents/AnimationTiming (103.1.0)
  - MaterialComponents/private/Color (103.1.0)
  - MaterialComponents/private/Math (103.1.0)
  - MaterialComponents/Ripple (103.1.0):
    - MaterialComponents/AnimationTiming
    - MaterialComponents/private/Color
    - MaterialComponents/private/Math
  - MBProgressHUD (1.2.0)
  - SideMenu (6.4.7)
  - SkyFloatingLabelTextField (3.8.0)
  - Toaster (2.2.0)

DEPENDENCIES:
  - Alamofire (~> 5.0.0-rc.3)
  - KeychainAccess
  - MarqueeLabel
  - MaterialComponents/Ripple
  - MBProgressHUD (~> 1.2.0)
  - SideMenu (~> 6.0)
  - SkyFloatingLabelTextField (~> 3.0)
  - Toaster

SPEC REPOS:
  trunk:
    - Alamofire
    - KeychainAccess
    - MarqueeLabel
    - MaterialComponents
    - MBProgressHUD
    - SideMenu
    - SkyFloatingLabelTextField
    - Toaster

SPEC CHECKSUMS:
  Alamofire: ca8c0de6906873be89d6deec5c8de279e00bf872
  KeychainAccess: 445e28864fe6d3458b41fa211bcdc39890e8bd5a
  MarqueeLabel: d24e821159667c93064ea3042ccf1875ca94db6b
  MaterialComponents: 0312a643d1aed5e5f10cba4be06a6aa62bd07c14
  MBProgressHUD: 3ee5efcc380f6a79a7cc9b363dd669c5e1ae7406
  SideMenu: 928a015669c3afc201e1fe3a87f1b0bc8993a664
  SkyFloatingLabelTextField: 5a338412114808e961fe2d14ea2c5452c8b6e4aa
  Toaster: c1a81b376edcc2470157b4d1ee1e9341d3b96455

PODFILE CHECKSUM: 349bad83354acb7bed3e06d4a097d61ec331e46c

COCOAPODS: 1.8.3
