PODS:
  - Differ (1.4.5)
  - Gifu (3.3)
  - KeychainAccess (4.2.1)
  - MarqueeLabel (4.0.5)
  - MaterialComponents/AnimationTiming (118.2.0)
  - MaterialComponents/Availability (118.2.0)
  - MaterialComponents/Buttons (118.2.0):
    - MaterialComponents/Elevation
    - MaterialComponents/Ink
    - MaterialComponents/private/Math
    - MaterialComponents/Ripple
    - MaterialComponents/ShadowElevations
    - MaterialComponents/ShadowLayer
    - MaterialComponents/ShapeLibrary
    - MaterialComponents/Shapes
    - MaterialComponents/Typography
    - MDFInternationalization
    - MDFTextAccessibility
  - MaterialComponents/Elevation (118.2.0):
    - MaterialComponents/Availability
    - MaterialComponents/private/Color
    - MaterialComponents/private/Math
  - MaterialComponents/Ink (118.2.0):
    - MaterialComponents/Availability
    - MaterialComponents/private/Color
    - MaterialComponents/private/Math
  - MaterialComponents/OverlayWindow (118.2.0):
    - MaterialComponents/Availability
    - MaterialComponents/private/Application
  - MaterialComponents/private/Application (118.2.0)
  - MaterialComponents/private/Color (118.2.0):
    - MaterialComponents/Availability
  - MaterialComponents/private/KeyboardWatcher (118.2.0):
    - MaterialComponents/private/Application
  - MaterialComponents/private/Math (118.2.0)
  - MaterialComponents/private/Overlay (118.2.0)
  - MaterialComponents/Ripple (118.2.0):
    - MaterialComponents/AnimationTiming
    - MaterialComponents/Availability
    - MaterialComponents/private/Color
    - MaterialComponents/private/Math
  - MaterialComponents/ShadowElevations (118.2.0)
  - MaterialComponents/ShadowLayer (118.2.0):
    - MaterialComponents/ShadowElevations
  - MaterialComponents/ShapeLibrary (118.2.0):
    - MaterialComponents/private/Math
    - MaterialComponents/Shapes
  - MaterialComponents/Shapes (118.2.0):
    - MaterialComponents/private/Color
    - MaterialComponents/private/Math
    - MaterialComponents/ShadowLayer
  - MaterialComponents/Snackbar (118.2.0):
    - MaterialComponents/AnimationTiming
    - MaterialComponents/Availability
    - MaterialComponents/Buttons
    - MaterialComponents/Elevation
    - MaterialComponents/OverlayWindow
    - MaterialComponents/private/Application
    - MaterialComponents/private/KeyboardWatcher
    - MaterialComponents/private/Math
    - MaterialComponents/private/Overlay
    - MaterialComponents/ShadowElevations
    - MaterialComponents/ShadowLayer
    - MaterialComponents/Typography
  - MaterialComponents/Typography (118.2.0):
    - MaterialComponents/private/Application
    - MaterialComponents/private/Math
    - MDFTextAccessibility
  - MBProgressHUD (1.2.0)
  - MDFInternationalization (2.0.0)
  - MDFTextAccessibility (2.0.0)
  - SideMenu (6.4.9)
  - SkyFloatingLabelTextField (3.8.0)
  - SwiftyStoreKit (0.16.1)
  - Toaster (2.2.0)

DEPENDENCIES:
  - Differ
  - Gifu
  - KeychainAccess
  - MarqueeLabel
  - MaterialComponents/Snackbar
  - MBProgressHUD (~> 1.2.0)
  - SideMenu (~> 6.4.8)
  - SkyFloatingLabelTextField (~> 3.0)
  - SwiftyStoreKit
  - Toaster

SPEC REPOS:
  trunk:
    - Differ
    - Gifu
    - KeychainAccess
    - MarqueeLabel
    - MaterialComponents
    - MBProgressHUD
    - MDFInternationalization
    - MDFTextAccessibility
    - SideMenu
    - SkyFloatingLabelTextField
    - SwiftyStoreKit
    - Toaster

SPEC CHECKSUMS:
  Differ: 3b6bd78e2b20cc795d9a86f7641d087524e4273e
  Gifu: 97c2a3c3865fbc834ab13f797e2e8e7729a1853c
  KeychainAccess: 9b07f665298d13c3a85881bd3171f6f49b8151c1
  MarqueeLabel: 00cc0bcd087111dca575878b3531af980559707d
  MaterialComponents: fc3dba46cf3ae8495728a875778b47d0c6ec7ed5
  MBProgressHUD: 3ee5efcc380f6a79a7cc9b363dd669c5e1ae7406
  MDFInternationalization: 010097556d6b09d2c4ea38e0820ea6d37be6a314
  MDFTextAccessibility: 85c09a1bd9c321f494348e632a25063bcda35a53
  SideMenu: 8ef57a3cfc024a2d3fc1c036c7fe98537baec9e0
  SkyFloatingLabelTextField: 5a338412114808e961fe2d14ea2c5452c8b6e4aa
  SwiftyStoreKit: 6b9c08810269f030586dac1fae8e75871a82e84a
  Toaster: c1a81b376edcc2470157b4d1ee1e9341d3b96455

PODFILE CHECKSUM: 1a0d25a3568e313c3c775a2db8e90513d5472974

COCOAPODS: 1.11.3
