{
  "object": {
    "pins": [
      {
        "package": "OAuth2",
        "repositoryURL": "https://github.com/p2/OAuth2.git",
        "state": {
          "branch": null,
          "revision": "5e2f70d12cdcbf7b10d8a9aab544e6990a490dcf",
          "version": "5.1.1"
        }
      }
    ]
  },
  "version": 1
}
