// !$*UTF8*$!
{
	archiveVersion = 1;
	classes = {
	};
	objectVersion = 50;
	objects = {

/* Begin PBXBuildFile section */
		C097A9E723C7987F00EC1EFE /* AppDelegate.swift in Sources */ = {isa = PBXBuildFile; fileRef = C097A9E623C7987F00EC1EFE /* AppDelegate.swift */; };
		C097A9E923C7987F00EC1EFE /* SceneDelegate.swift in Sources */ = {isa = PBXBuildFile; fileRef = C097A9E823C7987F00EC1EFE /* SceneDelegate.swift */; };
		C097A9EB23C7987F00EC1EFE /* ViewController.swift in Sources */ = {isa = PBXBuildFile; fileRef = C097A9EA23C7987F00EC1EFE /* ViewController.swift */; };
		C097A9EE23C7987F00EC1EFE /* Main.storyboard in Resources */ = {isa = PBXBuildFile; fileRef = C097A9EC23C7987F00EC1EFE /* Main.storyboard */; };
		C097A9F023C7988300EC1EFE /* Assets.xcassets in Resources */ = {isa = PBXBuildFile; fileRef = C097A9EF23C7988300EC1EFE /* Assets.xcassets */; };
		C097A9F323C7988300EC1EFE /* LaunchScreen.storyboard in Resources */ = {isa = PBXBuildFile; fileRef = C097A9F123C7988300EC1EFE /* LaunchScreen.storyboard */; };
/* End PBXBuildFile section */

/* Begin PBXFileReference section */
		C097A9E323C7987F00EC1EFE /* Simple Login.app */ = {isa = PBXFileReference; explicitFileType = wrapper.application; includeInIndex = 0; path = "Simple Login.app"; sourceTree = BUILT_PRODUCTS_DIR; };
		C097A9E623C7987F00EC1EFE /* AppDelegate.swift */ = {isa = PBXFileReference; lastKnownFileType = sourcecode.swift; path = AppDelegate.swift; sourceTree = "<group>"; };
		C097A9E823C7987F00EC1EFE /* SceneDelegate.swift */ = {isa = PBXFileReference; lastKnownFileType = sourcecode.swift; path = SceneDelegate.swift; sourceTree = "<group>"; };
		C097A9EA23C7987F00EC1EFE /* ViewController.swift */ = {isa = PBXFileReference; lastKnownFileType = sourcecode.swift; path = ViewController.swift; sourceTree = "<group>"; };
		C097A9ED23C7987F00EC1EFE /* Base */ = {isa = PBXFileReference; lastKnownFileType = file.storyboard; name = Base; path = Base.lproj/Main.storyboard; sourceTree = "<group>"; };
		C097A9EF23C7988300EC1EFE /* Assets.xcassets */ = {isa = PBXFileReference; lastKnownFileType = folder.assetcatalog; path = Assets.xcassets; sourceTree = "<group>"; };
		C097A9F223C7988300EC1EFE /* Base */ = {isa = PBXFileReference; lastKnownFileType = file.storyboard; name = Base; path = Base.lproj/LaunchScreen.storyboard; sourceTree = "<group>"; };
		C097A9F423C7988400EC1EFE /* Info.plist */ = {isa = PBXFileReference; lastKnownFileType = text.plist.xml; path = Info.plist; sourceTree = "<group>"; };
/* End PBXFileReference section */

/* Begin PBXFrameworksBuildPhase section */
		C097A9E023C7987F00EC1EFE /* Frameworks */ = {
			isa = PBXFrameworksBuildPhase;
			buildActionMask = 2147483647;
			files = (
			);
			runOnlyForDeploymentPostprocessing = 0;
		};
/* End PBXFrameworksBuildPhase section */

/* Begin PBXGroup section */
		C097A9DA23C7987F00EC1EFE = {
			isa = PBXGroup;
			children = (
				C097A9E523C7987F00EC1EFE /* Simple Login */,
				C097A9E423C7987F00EC1EFE /* Products */,
			);
			sourceTree = "<group>";
		};
		C097A9E423C7987F00EC1EFE /* Products */ = {
			isa = PBXGroup;
			children = (
				C097A9E323C7987F00EC1EFE /* Simple Login.app */,
			);
			name = Products;
			sourceTree = "<group>";
		};
		C097A9E523C7987F00EC1EFE /* Simple Login */ = {
			isa = PBXGroup;
			children = (
				C097A9E623C7987F00EC1EFE /* AppDelegate.swift */,
				C097A9E823C7987F00EC1EFE /* SceneDelegate.swift */,
				C097A9EA23C7987F00EC1EFE /* ViewController.swift */,
				C097A9EC23C7987F00EC1EFE /* Main.storyboard */,
				C097A9EF23C7988300EC1EFE /* Assets.xcassets */,
				C097A9F123C7988300EC1EFE /* LaunchScreen.storyboard */,
				C097A9F423C7988400EC1EFE /* Info.plist */,
			);
			path = "Simple Login";
			sourceTree = "<group>";
		};
/* End PBXGroup section */

/* Begin PBXNativeTarget section */
		C097A9E223C7987F00EC1EFE /* Simple Login */ = {
			isa = PBXNativeTarget;
			buildConfigurationList = C097A9F723C7988400EC1EFE /* Build configuration list for PBXNativeTarget "Simple Login" */;
			buildPhases = (
				C097A9DF23C7987F00EC1EFE /* Sources */,
				C097A9E023C7987F00EC1EFE /* Frameworks */,
				C097A9E123C7987F00EC1EFE /* Resources */,
			);
			buildRules = (
			);
			dependencies = (
			);
			name = "Simple Login";
			productName = "Simple Login";
			productReference = C097A9E323C7987F00EC1EFE /* Simple Login.app */;
			productType = "com.apple.product-type.application";
		};
/* End PBXNativeTarget section */

/* Begin PBXProject section */
		C097A9DB23C7987F00EC1EFE /* Project object */ = {
			isa = PBXProject;
			attributes = {
				LastSwiftUpdateCheck = 1130;
				LastUpgradeCheck = 1130;
				ORGANIZATIONNAME = SimpleLogin;
				TargetAttributes = {
					C097A9E223C7987F00EC1EFE = {
						CreatedOnToolsVersion = 11.3;
					};
				};
			};
			buildConfigurationList = C097A9DE23C7987F00EC1EFE /* Build configuration list for PBXProject "Simple Login" */;
			compatibilityVersion = "Xcode 9.3";
			developmentRegion = en;
			hasScannedForEncodings = 0;
			knownRegions = (
				en,
				Base,
			);
			mainGroup = C097A9DA23C7987F00EC1EFE;
			productRefGroup = C097A9E423C7987F00EC1EFE /* Products */;
			projectDirPath = "";
			projectRoot = "";
			targets = (
				C097A9E223C7987F00EC1EFE /* Simple Login */,
			);
		};
/* End PBXProject section */

/* Begin PBXResourcesBuildPhase section */
		C097A9E123C7987F00EC1EFE /* Resources */ = {
			isa = PBXResourcesBuildPhase;
			buildActionMask = 2147483647;
			files = (
				C097A9F323C7988300EC1EFE /* LaunchScreen.storyboard in Resources */,
				C097A9F023C7988300EC1EFE /* Assets.xcassets in Resources */,
				C097A9EE23C7987F00EC1EFE /* Main.storyboard in Resources */,
			);
			runOnlyForDeploymentPostprocessing = 0;
		};
/* End PBXResourcesBuildPhase section */

/* Begin PBXSourcesBuildPhase section */
		C097A9DF23C7987F00EC1EFE /* Sources */ = {
			isa = PBXSourcesBuildPhase;
			buildActionMask = 2147483647;
			files = (
				C097A9EB23C7987F00EC1EFE /* ViewController.swift in Sources */,
				C097A9E723C7987F00EC1EFE /* AppDelegate.swift in Sources */,
				C097A9E923C7987F00EC1EFE /* SceneDelegate.swift in Sources */,
			);
			runOnlyForDeploymentPostprocessing = 0;
		};
/* End PBXSourcesBuildPhase section */

/* Begin PBXVariantGroup section */
		C097A9EC23C7987F00EC1EFE /* Main.storyboard */ = {
			isa = PBXVariantGroup;
			children = (
				C097A9ED23C7987F00EC1EFE /* Base */,
			);
			name = Main.storyboard;
			sourceTree = "<group>";
		};
		C097A9F123C7988300EC1EFE /* LaunchScreen.storyboard */ = {
			isa = PBXVariantGroup;
			children = (
				C097A9F223C7988300EC1EFE /* Base */,
			);
			name = LaunchScreen.storyboard;
			sourceTree = "<group>";
		};
/* End PBXVariantGroup section */

/* Begin XCBuildConfiguration section */
		C097A9F523C7988400EC1EFE /* Debug */ = {
			isa = XCBuildConfiguration;
			buildSettings = {
				ALWAYS_SEARCH_USER_PATHS = NO;
				CLANG_ANALYZER_NONNULL = YES;
				CLANG_ANALYZER_NUMBER_OBJECT_CONVERSION = YES_AGGRESSIVE;
				CLANG_CXX_LANGUAGE_STANDARD = "gnu++14";
				CLANG_CXX_LIBRARY = "libc++";
				CLANG_ENABLE_MODULES = YES;
				CLANG_ENABLE_OBJC_ARC = YES;
				CLANG_ENABLE_OBJC_WEAK = YES;
				CLANG_WARN_BLOCK_CAPTURE_AUTORELEASING = YES;
				CLANG_WARN_BOOL_CONVERSION = YES;
				CLANG_WARN_COMMA = YES;
				CLANG_WARN_CONSTANT_CONVERSION = YES;
				CLANG_WARN_DEPRECATED_OBJC_IMPLEMENTATIONS = YES;
				CLANG_WARN_DIRECT_OBJC_ISA_USAGE = YES_ERROR;
				CLANG_WARN_DOCUMENTATION_COMMENTS = YES;
				CLANG_WARN_EMPTY_BODY = YES;
				CLANG_WARN_ENUM_CONVERSION = YES;
				CLANG_WARN_INFINITE_RECURSION = YES;
				CLANG_WARN_INT_CONVERSION = YES;
				CLANG_WARN_NON_LITERAL_NULL_CONVERSION = YES;
				CLANG_WARN_OBJC_IMPLICIT_RETAIN_SELF = YES;
				CLANG_WARN_OBJC_LITERAL_CONVERSION = YES;
				CLANG_WARN_OBJC_ROOT_CLASS = YES_ERROR;
				CLANG_WARN_RANGE_LOOP_ANALYSIS = YES;
				CLANG_WARN_STRICT_PROTOTYPES = YES;
				CLANG_WARN_SUSPICIOUS_MOVE = YES;
				CLANG_WARN_UNGUARDED_AVAILABILITY = YES_AGGRESSIVE;
				CLANG_WARN_UNREACHABLE_CODE = YES;
				CLANG_WARN__DUPLICATE_METHOD_MATCH = YES;
				COPY_PHASE_STRIP = NO;
				DEBUG_INFORMATION_FORMAT = dwarf;
				ENABLE_STRICT_OBJC_MSGSEND = YES;
				ENABLE_TESTABILITY = YES;
				GCC_C_LANGUAGE_STANDARD = gnu11;
				GCC_DYNAMIC_NO_PIC = NO;
				GCC_NO_COMMON_BLOCKS = YES;
				GCC_OPTIMIZATION_LEVEL = 0;
				GCC_PREPROCESSOR_DEFINITIONS = (
					"DEBUG=1",
					"$(inherited)",
				);
				GCC_WARN_64_TO_32_BIT_CONVERSION = YES;
				GCC_WARN_ABOUT_RETURN_TYPE = YES_ERROR;
				GCC_WARN_UNDECLARED_SELECTOR = YES;
				GCC_WARN_UNINITIALIZED_AUTOS = YES_AGGRESSIVE;
				GCC_WARN_UNUSED_FUNCTION = YES;
				GCC_WARN_UNUSED_VARIABLE = YES;
				IPHONEOS_DEPLOYMENT_TARGET = 13.2;
				MTL_ENABLE_DEBUG_INFO = INCLUDE_SOURCE;
				MTL_FAST_MATH = YES;
				ONLY_ACTIVE_ARCH = YES;
				SDKROOT = iphoneos;
				SWIFT_ACTIVE_COMPILATION_CONDITIONS = DEBUG;
				SWIFT_OPTIMIZATION_LEVEL = "-Onone";
			};
			name = Debug;
		};
		C097A9F623C7988400EC1EFE /* Release */ = {
			isa = XCBuildConfiguration;
			buildSettings = {
				ALWAYS_SEARCH_USER_PATHS = NO;
				CLANG_ANALYZER_NONNULL = YES;
				CLANG_ANALYZER_NUMBER_OBJECT_CONVERSION = YES_AGGRESSIVE;
				CLANG_CXX_LANGUAGE_STANDARD = "gnu++14";
				CLANG_CXX_LIBRARY = "libc++";
				CLANG_ENABLE_MODULES = YES;
				CLANG_ENABLE_OBJC_ARC = YES;
				CLANG_ENABLE_OBJC_WEAK = YES;
				CLANG_WARN_BLOCK_CAPTURE_AUTORELEASING = YES;
				CLANG_WARN_BOOL_CONVERSION = YES;
				CLANG_WARN_COMMA = YES;
				CLANG_WARN_CONSTANT_CONVERSION = YES;
				CLANG_WARN_DEPRECATED_OBJC_IMPLEMENTATIONS = YES;
				CLANG_WARN_DIRECT_OBJC_ISA_USAGE = YES_ERROR;
				CLANG_WARN_DOCUMENTATION_COMMENTS = YES;
				CLANG_WARN_EMPTY_BODY = YES;
				CLANG_WARN_ENUM_CONVERSION = YES;
				CLANG_WARN_INFINITE_RECURSION = YES;
				CLANG_WARN_INT_CONVERSION = YES;
				CLANG_WARN_NON_LITERAL_NULL_CONVERSION = YES;
				CLANG_WARN_OBJC_IMPLICIT_RETAIN_SELF = YES;
				CLANG_WARN_OBJC_LITERAL_CONVERSION = YES;
				CLANG_WARN_OBJC_ROOT_CLASS = YES_ERROR;
				CLANG_WARN_RANGE_LOOP_ANALYSIS = YES;
				CLANG_WARN_STRICT_PROTOTYPES = YES;
				CLANG_WARN_SUSPICIOUS_MOVE = YES;
				CLANG_WARN_UNGUARDED_AVAILABILITY = YES_AGGRESSIVE;
				CLANG_WARN_UNREACHABLE_CODE = YES;
				CLANG_WARN__DUPLICATE_METHOD_MATCH = YES;
				COPY_PHASE_STRIP = NO;
				DEBUG_INFORMATION_FORMAT = "dwarf-with-dsym";
				ENABLE_NS_ASSERTIONS = NO;
				ENABLE_STRICT_OBJC_MSGSEND = YES;
				GCC_C_LANGUAGE_STANDARD = gnu11;
				GCC_NO_COMMON_BLOCKS = YES;
				GCC_WARN_64_TO_32_BIT_CONVERSION = YES;
				GCC_WARN_ABOUT_RETURN_TYPE = YES_ERROR;
				GCC_WARN_UNDECLARED_SELECTOR = YES;
				GCC_WARN_UNINITIALIZED_AUTOS = YES_AGGRESSIVE;
				GCC_WARN_UNUSED_FUNCTION = YES;
				GCC_WARN_UNUSED_VARIABLE = YES;
				IPHONEOS_DEPLOYMENT_TARGET = 13.2;
				MTL_ENABLE_DEBUG_INFO = NO;
				MTL_FAST_MATH = YES;
				SDKROOT = iphoneos;
				SWIFT_COMPILATION_MODE = wholemodule;
				SWIFT_OPTIMIZATION_LEVEL = "-O";
				VALIDATE_PRODUCT = YES;
			};
			name = Release;
		};
		C097A9F823C7988400EC1EFE /* Debug */ = {
			isa = XCBuildConfiguration;
			buildSettings = {
				ASSETCATALOG_COMPILER_APPICON_NAME = AppIcon;
				CODE_SIGN_STYLE = Automatic;
				DEVELOPMENT_TEAM = 975H7B86B7;
				INFOPLIST_FILE = "Simple Login/Info.plist";
				LD_RUNPATH_SEARCH_PATHS = (
					"$(inherited)",
					"@executable_path/Frameworks",
				);
				PRODUCT_BUNDLE_IDENTIFIER = "io.simplelogin.ios-app.Simple-Login";
				PRODUCT_NAME = "$(TARGET_NAME)";
				SWIFT_VERSION = 5.0;
				TARGETED_DEVICE_FAMILY = "1,2";
			};
			name = Debug;
		};
		C097A9F923C7988400EC1EFE /* Release */ = {
			isa = XCBuildConfiguration;
			buildSettings = {
				ASSETCATALOG_COMPILER_APPICON_NAME = AppIcon;
				CODE_SIGN_STYLE = Automatic;
				DEVELOPMENT_TEAM = 975H7B86B7;
				INFOPLIST_FILE = "Simple Login/Info.plist";
				LD_RUNPATH_SEARCH_PATHS = (
					"$(inherited)",
					"@executable_path/Frameworks",
				);
				PRODUCT_BUNDLE_IDENTIFIER = "io.simplelogin.ios-app.Simple-Login";
				PRODUCT_NAME = "$(TARGET_NAME)";
				SWIFT_VERSION = 5.0;
				TARGETED_DEVICE_FAMILY = "1,2";
			};
			name = Release;
		};
/* End XCBuildConfiguration section */

/* Begin XCConfigurationList section */
		C097A9DE23C7987F00EC1EFE /* Build configuration list for PBXProject "Simple Login" */ = {
			isa = XCConfigurationList;
			buildConfigurations = (
				C097A9F523C7988400EC1EFE /* Debug */,
				C097A9F623C7988400EC1EFE /* Release */,
			);
			defaultConfigurationIsVisible = 0;
			defaultConfigurationName = Release;
		};
		C097A9F723C7988400EC1EFE /* Build configuration list for PBXNativeTarget "Simple Login" */ = {
			isa = XCConfigurationList;
			buildConfigurations = (
				C097A9F823C7988400EC1EFE /* Debug */,
				C097A9F923C7988400EC1EFE /* Release */,
			);
			defaultConfigurationIsVisible = 0;
			defaultConfigurationName = Release;
		};
/* End XCConfigurationList section */
	};
	rootObject = C097A9DB23C7987F00EC1EFE /* Project object */;
}
