// !$*UTF8*$!
{
	archiveVersion = 1;
	classes = {
	};
	objectVersion = 50;
	objects = {

/* Begin PBXBuildFile section */
		C034888E268A6F29008D9629 /* SimpleLoginApp.swift in Sources */ = {isa = PBXBuildFile; fileRef = C034888D268A6F29008D9629 /* SimpleLoginApp.swift */; };
		C0348892268A6F2D008D9629 /* Assets.xcassets in Resources */ = {isa = PBXBuildFile; fileRef = C0348891268A6F2D008D9629 /* Assets.xcassets */; };
		C0348895268A6F2D008D9629 /* Preview Assets.xcassets in Resources */ = {isa = PBXBuildFile; fileRef = C0348894268A6F2D008D9629 /* Preview Assets.xcassets */; };
		C03488A0268A6F2E008D9629 /* SimpleLoginTests.swift in Sources */ = {isa = PBXBuildFile; fileRef = C034889F268A6F2E008D9629 /* SimpleLoginTests.swift */; };
		C03488AB268A6F2E008D9629 /* SimpleLoginUITests.swift in Sources */ = {isa = PBXBuildFile; fileRef = C03488AA268A6F2E008D9629 /* SimpleLoginUITests.swift */; };
		C079864A26B34D5F006C9FC0 /* LogInView.swift in Sources */ = {isa = PBXBuildFile; fileRef = C079864926B34D5F006C9FC0 /* LogInView.swift */; };
		C0CBE93A26B9BF5C004833F6 /* EmailPasswordView.swift in Sources */ = {isa = PBXBuildFile; fileRef = C0CBE93926B9BF5C004833F6 /* EmailPasswordView.swift */; };
		C0CBE93D26B9D079004833F6 /* UIApplicationExtensions.swift in Sources */ = {isa = PBXBuildFile; fileRef = C0CBE93C26B9D079004833F6 /* UIApplicationExtensions.swift */; };
		C0CBE93F26B9D1DD004833F6 /* ApiKeyView.swift in Sources */ = {isa = PBXBuildFile; fileRef = C0CBE93E26B9D1DD004833F6 /* ApiKeyView.swift */; };
/* End PBXBuildFile section */

/* Begin PBXContainerItemProxy section */
		C034889C268A6F2E008D9629 /* PBXContainerItemProxy */ = {
			isa = PBXContainerItemProxy;
			containerPortal = C0348882268A6F29008D9629 /* Project object */;
			proxyType = 1;
			remoteGlobalIDString = C0348889268A6F29008D9629;
			remoteInfo = SimpleLogin;
		};
		C03488A7268A6F2E008D9629 /* PBXContainerItemProxy */ = {
			isa = PBXContainerItemProxy;
			containerPortal = C0348882268A6F29008D9629 /* Project object */;
			proxyType = 1;
			remoteGlobalIDString = C0348889268A6F29008D9629;
			remoteInfo = SimpleLogin;
		};
/* End PBXContainerItemProxy section */

/* Begin PBXFileReference section */
		C034888A268A6F29008D9629 /* SimpleLogin.app */ = {isa = PBXFileReference; explicitFileType = wrapper.application; includeInIndex = 0; path = SimpleLogin.app; sourceTree = BUILT_PRODUCTS_DIR; };
		C034888D268A6F29008D9629 /* SimpleLoginApp.swift */ = {isa = PBXFileReference; lastKnownFileType = sourcecode.swift; path = SimpleLoginApp.swift; sourceTree = "<group>"; };
		C0348891268A6F2D008D9629 /* Assets.xcassets */ = {isa = PBXFileReference; lastKnownFileType = folder.assetcatalog; path = Assets.xcassets; sourceTree = "<group>"; };
		C0348894268A6F2D008D9629 /* Preview Assets.xcassets */ = {isa = PBXFileReference; lastKnownFileType = folder.assetcatalog; path = "Preview Assets.xcassets"; sourceTree = "<group>"; };
		C0348896268A6F2D008D9629 /* Info.plist */ = {isa = PBXFileReference; lastKnownFileType = text.plist.xml; path = Info.plist; sourceTree = "<group>"; };
		C034889B268A6F2E008D9629 /* SimpleLoginTests.xctest */ = {isa = PBXFileReference; explicitFileType = wrapper.cfbundle; includeInIndex = 0; path = SimpleLoginTests.xctest; sourceTree = BUILT_PRODUCTS_DIR; };
		C034889F268A6F2E008D9629 /* SimpleLoginTests.swift */ = {isa = PBXFileReference; lastKnownFileType = sourcecode.swift; path = SimpleLoginTests.swift; sourceTree = "<group>"; };
		C03488A1268A6F2E008D9629 /* Info.plist */ = {isa = PBXFileReference; lastKnownFileType = text.plist.xml; path = Info.plist; sourceTree = "<group>"; };
		C03488A6268A6F2E008D9629 /* SimpleLoginUITests.xctest */ = {isa = PBXFileReference; explicitFileType = wrapper.cfbundle; includeInIndex = 0; path = SimpleLoginUITests.xctest; sourceTree = BUILT_PRODUCTS_DIR; };
		C03488AA268A6F2E008D9629 /* SimpleLoginUITests.swift */ = {isa = PBXFileReference; lastKnownFileType = sourcecode.swift; path = SimpleLoginUITests.swift; sourceTree = "<group>"; };
		C03488AC268A6F2E008D9629 /* Info.plist */ = {isa = PBXFileReference; lastKnownFileType = text.plist.xml; path = Info.plist; sourceTree = "<group>"; };
		C079864926B34D5F006C9FC0 /* LogInView.swift */ = {isa = PBXFileReference; lastKnownFileType = sourcecode.swift; path = LogInView.swift; sourceTree = "<group>"; };
		C0CBE93926B9BF5C004833F6 /* EmailPasswordView.swift */ = {isa = PBXFileReference; lastKnownFileType = sourcecode.swift; path = EmailPasswordView.swift; sourceTree = "<group>"; };
		C0CBE93C26B9D079004833F6 /* UIApplicationExtensions.swift */ = {isa = PBXFileReference; lastKnownFileType = sourcecode.swift; path = UIApplicationExtensions.swift; sourceTree = "<group>"; };
		C0CBE93E26B9D1DD004833F6 /* ApiKeyView.swift */ = {isa = PBXFileReference; lastKnownFileType = sourcecode.swift; path = ApiKeyView.swift; sourceTree = "<group>"; };
/* End PBXFileReference section */

/* Begin PBXFrameworksBuildPhase section */
		C0348887268A6F29008D9629 /* Frameworks */ = {
			isa = PBXFrameworksBuildPhase;
			buildActionMask = 2147483647;
			files = (
			);
			runOnlyForDeploymentPostprocessing = 0;
		};
		C0348898268A6F2E008D9629 /* Frameworks */ = {
			isa = PBXFrameworksBuildPhase;
			buildActionMask = 2147483647;
			files = (
			);
			runOnlyForDeploymentPostprocessing = 0;
		};
		C03488A3268A6F2E008D9629 /* Frameworks */ = {
			isa = PBXFrameworksBuildPhase;
			buildActionMask = 2147483647;
			files = (
			);
			runOnlyForDeploymentPostprocessing = 0;
		};
/* End PBXFrameworksBuildPhase section */

/* Begin PBXGroup section */
		C0348881268A6F29008D9629 = {
			isa = PBXGroup;
			children = (
				C034888C268A6F29008D9629 /* SimpleLogin */,
				C034889E268A6F2E008D9629 /* SimpleLoginTests */,
				C03488A9268A6F2E008D9629 /* SimpleLoginUITests */,
				C034888B268A6F29008D9629 /* Products */,
			);
			sourceTree = "<group>";
		};
		C034888B268A6F29008D9629 /* Products */ = {
			isa = PBXGroup;
			children = (
				C034888A268A6F29008D9629 /* SimpleLogin.app */,
				C034889B268A6F2E008D9629 /* SimpleLoginTests.xctest */,
				C03488A6268A6F2E008D9629 /* SimpleLoginUITests.xctest */,
			);
			name = Products;
			sourceTree = "<group>";
		};
		C034888C268A6F29008D9629 /* SimpleLogin */ = {
			isa = PBXGroup;
			children = (
				C034888D268A6F29008D9629 /* SimpleLoginApp.swift */,
				C03488B8268A7005008D9629 /* Modules */,
				C0CBE93B26B9D067004833F6 /* Utils */,
				C0348891268A6F2D008D9629 /* Assets.xcassets */,
				C0348896268A6F2D008D9629 /* Info.plist */,
				C0348893268A6F2D008D9629 /* Preview Content */,
			);
			path = SimpleLogin;
			sourceTree = "<group>";
		};
		C0348893268A6F2D008D9629 /* Preview Content */ = {
			isa = PBXGroup;
			children = (
				C0348894268A6F2D008D9629 /* Preview Assets.xcassets */,
			);
			path = "Preview Content";
			sourceTree = "<group>";
		};
		C034889E268A6F2E008D9629 /* SimpleLoginTests */ = {
			isa = PBXGroup;
			children = (
				C034889F268A6F2E008D9629 /* SimpleLoginTests.swift */,
				C03488A1268A6F2E008D9629 /* Info.plist */,
			);
			path = SimpleLoginTests;
			sourceTree = "<group>";
		};
		C03488A9268A6F2E008D9629 /* SimpleLoginUITests */ = {
			isa = PBXGroup;
			children = (
				C03488AA268A6F2E008D9629 /* SimpleLoginUITests.swift */,
				C03488AC268A6F2E008D9629 /* Info.plist */,
			);
			path = SimpleLoginUITests;
			sourceTree = "<group>";
		};
		C03488B8268A7005008D9629 /* Modules */ = {
			isa = PBXGroup;
			children = (
				C03488BA268A719E008D9629 /* Main */,
				C03488B9268A701B008D9629 /* LogIn */,
			);
			path = Modules;
			sourceTree = "<group>";
		};
		C03488B9268A701B008D9629 /* LogIn */ = {
			isa = PBXGroup;
			children = (
				C0CBE93E26B9D1DD004833F6 /* ApiKeyView.swift */,
				C0CBE93926B9BF5C004833F6 /* EmailPasswordView.swift */,
				C079864926B34D5F006C9FC0 /* LogInView.swift */,
			);
			path = LogIn;
			sourceTree = "<group>";
		};
		C03488BA268A719E008D9629 /* Main */ = {
			isa = PBXGroup;
			children = (
			);
			path = Main;
			sourceTree = "<group>";
		};
		C0CBE93B26B9D067004833F6 /* Utils */ = {
			isa = PBXGroup;
			children = (
				C0CBE93C26B9D079004833F6 /* UIApplicationExtensions.swift */,
			);
			path = Utils;
			sourceTree = "<group>";
		};
/* End PBXGroup section */

/* Begin PBXNativeTarget section */
		C0348889268A6F29008D9629 /* SimpleLogin */ = {
			isa = PBXNativeTarget;
			buildConfigurationList = C03488AF268A6F2E008D9629 /* Build configuration list for PBXNativeTarget "SimpleLogin" */;
			buildPhases = (
				C0348886268A6F29008D9629 /* Sources */,
				C0348887268A6F29008D9629 /* Frameworks */,
				C0348888268A6F29008D9629 /* Resources */,
			);
			buildRules = (
			);
			dependencies = (
			);
			name = SimpleLogin;
			productName = SimpleLogin;
			productReference = C034888A268A6F29008D9629 /* SimpleLogin.app */;
			productType = "com.apple.product-type.application";
		};
		C034889A268A6F2E008D9629 /* SimpleLoginTests */ = {
			isa = PBXNativeTarget;
			buildConfigurationList = C03488B2268A6F2E008D9629 /* Build configuration list for PBXNativeTarget "SimpleLoginTests" */;
			buildPhases = (
				C0348897268A6F2E008D9629 /* Sources */,
				C0348898268A6F2E008D9629 /* Frameworks */,
				C0348899268A6F2E008D9629 /* Resources */,
			);
			buildRules = (
			);
			dependencies = (
				C034889D268A6F2E008D9629 /* PBXTargetDependency */,
			);
			name = SimpleLoginTests;
			productName = SimpleLoginTests;
			productReference = C034889B268A6F2E008D9629 /* SimpleLoginTests.xctest */;
			productType = "com.apple.product-type.bundle.unit-test";
		};
		C03488A5268A6F2E008D9629 /* SimpleLoginUITests */ = {
			isa = PBXNativeTarget;
			buildConfigurationList = C03488B5268A6F2E008D9629 /* Build configuration list for PBXNativeTarget "SimpleLoginUITests" */;
			buildPhases = (
				C03488A2268A6F2E008D9629 /* Sources */,
				C03488A3268A6F2E008D9629 /* Frameworks */,
				C03488A4268A6F2E008D9629 /* Resources */,
			);
			buildRules = (
			);
			dependencies = (
				C03488A8268A6F2E008D9629 /* PBXTargetDependency */,
			);
			name = SimpleLoginUITests;
			productName = SimpleLoginUITests;
			productReference = C03488A6268A6F2E008D9629 /* SimpleLoginUITests.xctest */;
			productType = "com.apple.product-type.bundle.ui-testing";
		};
/* End PBXNativeTarget section */

/* Begin PBXProject section */
		C0348882268A6F29008D9629 /* Project object */ = {
			isa = PBXProject;
			attributes = {
				LastSwiftUpdateCheck = 1250;
				LastUpgradeCheck = 1250;
				TargetAttributes = {
					C0348889268A6F29008D9629 = {
						CreatedOnToolsVersion = 12.5;
					};
					C034889A268A6F2E008D9629 = {
						CreatedOnToolsVersion = 12.5;
						TestTargetID = C0348889268A6F29008D9629;
					};
					C03488A5268A6F2E008D9629 = {
						CreatedOnToolsVersion = 12.5;
						TestTargetID = C0348889268A6F29008D9629;
					};
				};
			};
			buildConfigurationList = C0348885268A6F29008D9629 /* Build configuration list for PBXProject "SimpleLogin" */;
			compatibilityVersion = "Xcode 9.3";
			developmentRegion = en;
			hasScannedForEncodings = 0;
			knownRegions = (
				en,
				Base,
			);
			mainGroup = C0348881268A6F29008D9629;
			productRefGroup = C034888B268A6F29008D9629 /* Products */;
			projectDirPath = "";
			projectRoot = "";
			targets = (
				C0348889268A6F29008D9629 /* SimpleLogin */,
				C034889A268A6F2E008D9629 /* SimpleLoginTests */,
				C03488A5268A6F2E008D9629 /* SimpleLoginUITests */,
			);
		};
/* End PBXProject section */

/* Begin PBXResourcesBuildPhase section */
		C0348888268A6F29008D9629 /* Resources */ = {
			isa = PBXResourcesBuildPhase;
			buildActionMask = 2147483647;
			files = (
				C0348895268A6F2D008D9629 /* Preview Assets.xcassets in Resources */,
				C0348892268A6F2D008D9629 /* Assets.xcassets in Resources */,
			);
			runOnlyForDeploymentPostprocessing = 0;
		};
		C0348899268A6F2E008D9629 /* Resources */ = {
			isa = PBXResourcesBuildPhase;
			buildActionMask = 2147483647;
			files = (
			);
			runOnlyForDeploymentPostprocessing = 0;
		};
		C03488A4268A6F2E008D9629 /* Resources */ = {
			isa = PBXResourcesBuildPhase;
			buildActionMask = 2147483647;
			files = (
			);
			runOnlyForDeploymentPostprocessing = 0;
		};
/* End PBXResourcesBuildPhase section */

/* Begin PBXSourcesBuildPhase section */
		C0348886268A6F29008D9629 /* Sources */ = {
			isa = PBXSourcesBuildPhase;
			buildActionMask = 2147483647;
			files = (
				C0CBE93A26B9BF5C004833F6 /* EmailPasswordView.swift in Sources */,
				C079864A26B34D5F006C9FC0 /* LogInView.swift in Sources */,
				C0CBE93D26B9D079004833F6 /* UIApplicationExtensions.swift in Sources */,
				C034888E268A6F29008D9629 /* SimpleLoginApp.swift in Sources */,
				C0CBE93F26B9D1DD004833F6 /* ApiKeyView.swift in Sources */,
			);
			runOnlyForDeploymentPostprocessing = 0;
		};
		C0348897268A6F2E008D9629 /* Sources */ = {
			isa = PBXSourcesBuildPhase;
			buildActionMask = 2147483647;
			files = (
				C03488A0268A6F2E008D9629 /* SimpleLoginTests.swift in Sources */,
			);
			runOnlyForDeploymentPostprocessing = 0;
		};
		C03488A2268A6F2E008D9629 /* Sources */ = {
			isa = PBXSourcesBuildPhase;
			buildActionMask = 2147483647;
			files = (
				C03488AB268A6F2E008D9629 /* SimpleLoginUITests.swift in Sources */,
			);
			runOnlyForDeploymentPostprocessing = 0;
		};
/* End PBXSourcesBuildPhase section */

/* Begin PBXTargetDependency section */
		C034889D268A6F2E008D9629 /* PBXTargetDependency */ = {
			isa = PBXTargetDependency;
			target = C0348889268A6F29008D9629 /* SimpleLogin */;
			targetProxy = C034889C268A6F2E008D9629 /* PBXContainerItemProxy */;
		};
		C03488A8268A6F2E008D9629 /* PBXTargetDependency */ = {
			isa = PBXTargetDependency;
			target = C0348889268A6F29008D9629 /* SimpleLogin */;
			targetProxy = C03488A7268A6F2E008D9629 /* PBXContainerItemProxy */;
		};
/* End PBXTargetDependency section */

/* Begin XCBuildConfiguration section */
		C03488AD268A6F2E008D9629 /* Debug */ = {
			isa = XCBuildConfiguration;
			buildSettings = {
				ALWAYS_SEARCH_USER_PATHS = NO;
				CLANG_ANALYZER_NONNULL = YES;
				CLANG_ANALYZER_NUMBER_OBJECT_CONVERSION = YES_AGGRESSIVE;
				CLANG_CXX_LANGUAGE_STANDARD = "gnu++14";
				CLANG_CXX_LIBRARY = "libc++";
				CLANG_ENABLE_MODULES = YES;
				CLANG_ENABLE_OBJC_ARC = YES;
				CLANG_ENABLE_OBJC_WEAK = YES;
				CLANG_WARN_BLOCK_CAPTURE_AUTORELEASING = YES;
				CLANG_WARN_BOOL_CONVERSION = YES;
				CLANG_WARN_COMMA = YES;
				CLANG_WARN_CONSTANT_CONVERSION = YES;
				CLANG_WARN_DEPRECATED_OBJC_IMPLEMENTATIONS = YES;
				CLANG_WARN_DIRECT_OBJC_ISA_USAGE = YES_ERROR;
				CLANG_WARN_DOCUMENTATION_COMMENTS = YES;
				CLANG_WARN_EMPTY_BODY = YES;
				CLANG_WARN_ENUM_CONVERSION = YES;
				CLANG_WARN_INFINITE_RECURSION = YES;
				CLANG_WARN_INT_CONVERSION = YES;
				CLANG_WARN_NON_LITERAL_NULL_CONVERSION = YES;
				CLANG_WARN_OBJC_IMPLICIT_RETAIN_SELF = YES;
				CLANG_WARN_OBJC_LITERAL_CONVERSION = YES;
				CLANG_WARN_OBJC_ROOT_CLASS = YES_ERROR;
				CLANG_WARN_QUOTED_INCLUDE_IN_FRAMEWORK_HEADER = YES;
				CLANG_WARN_RANGE_LOOP_ANALYSIS = YES;
				CLANG_WARN_STRICT_PROTOTYPES = YES;
				CLANG_WARN_SUSPICIOUS_MOVE = YES;
				CLANG_WARN_UNGUARDED_AVAILABILITY = YES_AGGRESSIVE;
				CLANG_WARN_UNREACHABLE_CODE = YES;
				CLANG_WARN__DUPLICATE_METHOD_MATCH = YES;
				COPY_PHASE_STRIP = NO;
				DEBUG_INFORMATION_FORMAT = dwarf;
				ENABLE_STRICT_OBJC_MSGSEND = YES;
				ENABLE_TESTABILITY = YES;
				GCC_C_LANGUAGE_STANDARD = gnu11;
				GCC_DYNAMIC_NO_PIC = NO;
				GCC_NO_COMMON_BLOCKS = YES;
				GCC_OPTIMIZATION_LEVEL = 0;
				GCC_PREPROCESSOR_DEFINITIONS = (
					"DEBUG=1",
					"$(inherited)",
				);
				GCC_WARN_64_TO_32_BIT_CONVERSION = YES;
				GCC_WARN_ABOUT_RETURN_TYPE = YES_ERROR;
				GCC_WARN_UNDECLARED_SELECTOR = YES;
				GCC_WARN_UNINITIALIZED_AUTOS = YES_AGGRESSIVE;
				GCC_WARN_UNUSED_FUNCTION = YES;
				GCC_WARN_UNUSED_VARIABLE = YES;
				IPHONEOS_DEPLOYMENT_TARGET = 14.5;
				MTL_ENABLE_DEBUG_INFO = INCLUDE_SOURCE;
				MTL_FAST_MATH = YES;
				ONLY_ACTIVE_ARCH = YES;
				SDKROOT = iphoneos;
				SWIFT_ACTIVE_COMPILATION_CONDITIONS = DEBUG;
				SWIFT_OPTIMIZATION_LEVEL = "-Onone";
			};
			name = Debug;
		};
		C03488AE268A6F2E008D9629 /* Release */ = {
			isa = XCBuildConfiguration;
			buildSettings = {
				ALWAYS_SEARCH_USER_PATHS = NO;
				CLANG_ANALYZER_NONNULL = YES;
				CLANG_ANALYZER_NUMBER_OBJECT_CONVERSION = YES_AGGRESSIVE;
				CLANG_CXX_LANGUAGE_STANDARD = "gnu++14";
				CLANG_CXX_LIBRARY = "libc++";
				CLANG_ENABLE_MODULES = YES;
				CLANG_ENABLE_OBJC_ARC = YES;
				CLANG_ENABLE_OBJC_WEAK = YES;
				CLANG_WARN_BLOCK_CAPTURE_AUTORELEASING = YES;
				CLANG_WARN_BOOL_CONVERSION = YES;
				CLANG_WARN_COMMA = YES;
				CLANG_WARN_CONSTANT_CONVERSION = YES;
				CLANG_WARN_DEPRECATED_OBJC_IMPLEMENTATIONS = YES;
				CLANG_WARN_DIRECT_OBJC_ISA_USAGE = YES_ERROR;
				CLANG_WARN_DOCUMENTATION_COMMENTS = YES;
				CLANG_WARN_EMPTY_BODY = YES;
				CLANG_WARN_ENUM_CONVERSION = YES;
				CLANG_WARN_INFINITE_RECURSION = YES;
				CLANG_WARN_INT_CONVERSION = YES;
				CLANG_WARN_NON_LITERAL_NULL_CONVERSION = YES;
				CLANG_WARN_OBJC_IMPLICIT_RETAIN_SELF = YES;
				CLANG_WARN_OBJC_LITERAL_CONVERSION = YES;
				CLANG_WARN_OBJC_ROOT_CLASS = YES_ERROR;
				CLANG_WARN_QUOTED_INCLUDE_IN_FRAMEWORK_HEADER = YES;
				CLANG_WARN_RANGE_LOOP_ANALYSIS = YES;
				CLANG_WARN_STRICT_PROTOTYPES = YES;
				CLANG_WARN_SUSPICIOUS_MOVE = YES;
				CLANG_WARN_UNGUARDED_AVAILABILITY = YES_AGGRESSIVE;
				CLANG_WARN_UNREACHABLE_CODE = YES;
				CLANG_WARN__DUPLICATE_METHOD_MATCH = YES;
				COPY_PHASE_STRIP = NO;
				DEBUG_INFORMATION_FORMAT = "dwarf-with-dsym";
				ENABLE_NS_ASSERTIONS = NO;
				ENABLE_STRICT_OBJC_MSGSEND = YES;
				GCC_C_LANGUAGE_STANDARD = gnu11;
				GCC_NO_COMMON_BLOCKS = YES;
				GCC_WARN_64_TO_32_BIT_CONVERSION = YES;
				GCC_WARN_ABOUT_RETURN_TYPE = YES_ERROR;
				GCC_WARN_UNDECLARED_SELECTOR = YES;
				GCC_WARN_UNINITIALIZED_AUTOS = YES_AGGRESSIVE;
				GCC_WARN_UNUSED_FUNCTION = YES;
				GCC_WARN_UNUSED_VARIABLE = YES;
				IPHONEOS_DEPLOYMENT_TARGET = 14.5;
				MTL_ENABLE_DEBUG_INFO = NO;
				MTL_FAST_MATH = YES;
				SDKROOT = iphoneos;
				SWIFT_COMPILATION_MODE = wholemodule;
				SWIFT_OPTIMIZATION_LEVEL = "-O";
				VALIDATE_PRODUCT = YES;
			};
			name = Release;
		};
		C03488B0268A6F2E008D9629 /* Debug */ = {
			isa = XCBuildConfiguration;
			buildSettings = {
				ASSETCATALOG_COMPILER_APPICON_NAME = AppIcon;
				ASSETCATALOG_COMPILER_GLOBAL_ACCENT_COLOR_NAME = AccentColor;
				CODE_SIGN_STYLE = Automatic;
				CURRENT_PROJECT_VERSION = 13;
				DEVELOPMENT_ASSET_PATHS = "\"SimpleLogin/Preview Content\"";
				DEVELOPMENT_TEAM = 975H7B86B7;
				ENABLE_PREVIEWS = YES;
				INFOPLIST_FILE = SimpleLogin/Info.plist;
				IPHONEOS_DEPLOYMENT_TARGET = 14.0;
				LD_RUNPATH_SEARCH_PATHS = (
					"$(inherited)",
					"@executable_path/Frameworks",
				);
				MARKETING_VERSION = 2.0;
				PRODUCT_BUNDLE_IDENTIFIER = "io.simplelogin.ios-app.swiftui";
				PRODUCT_NAME = "$(TARGET_NAME)";
				SWIFT_VERSION = 5.0;
				TARGETED_DEVICE_FAMILY = "1,2";
			};
			name = Debug;
		};
		C03488B1268A6F2E008D9629 /* Release */ = {
			isa = XCBuildConfiguration;
			buildSettings = {
				ASSETCATALOG_COMPILER_APPICON_NAME = AppIcon;
				ASSETCATALOG_COMPILER_GLOBAL_ACCENT_COLOR_NAME = AccentColor;
				CODE_SIGN_STYLE = Automatic;
				CURRENT_PROJECT_VERSION = 13;
				DEVELOPMENT_ASSET_PATHS = "\"SimpleLogin/Preview Content\"";
				DEVELOPMENT_TEAM = 975H7B86B7;
				ENABLE_PREVIEWS = YES;
				INFOPLIST_FILE = SimpleLogin/Info.plist;
				IPHONEOS_DEPLOYMENT_TARGET = 14.0;
				LD_RUNPATH_SEARCH_PATHS = (
					"$(inherited)",
					"@executable_path/Frameworks",
				);
				MARKETING_VERSION = 2.0;
				PRODUCT_BUNDLE_IDENTIFIER = "io.simplelogin.ios-app.swiftui";
				PRODUCT_NAME = "$(TARGET_NAME)";
				SWIFT_VERSION = 5.0;
				TARGETED_DEVICE_FAMILY = "1,2";
			};
			name = Release;
		};
		C03488B3268A6F2E008D9629 /* Debug */ = {
			isa = XCBuildConfiguration;
			buildSettings = {
				ALWAYS_EMBED_SWIFT_STANDARD_LIBRARIES = YES;
				BUNDLE_LOADER = "$(TEST_HOST)";
				CODE_SIGN_STYLE = Automatic;
				DEVELOPMENT_TEAM = 975H7B86B7;
				INFOPLIST_FILE = SimpleLoginTests/Info.plist;
				IPHONEOS_DEPLOYMENT_TARGET = 14.0;
				LD_RUNPATH_SEARCH_PATHS = (
					"$(inherited)",
					"@executable_path/Frameworks",
					"@loader_path/Frameworks",
				);
				PRODUCT_BUNDLE_IDENTIFIER = io.simplelogin.SimpleLoginTests;
				PRODUCT_NAME = "$(TARGET_NAME)";
				SWIFT_VERSION = 5.0;
				TARGETED_DEVICE_FAMILY = "1,2";
				TEST_HOST = "$(BUILT_PRODUCTS_DIR)/SimpleLogin.app/SimpleLogin";
			};
			name = Debug;
		};
		C03488B4268A6F2E008D9629 /* Release */ = {
			isa = XCBuildConfiguration;
			buildSettings = {
				ALWAYS_EMBED_SWIFT_STANDARD_LIBRARIES = YES;
				BUNDLE_LOADER = "$(TEST_HOST)";
				CODE_SIGN_STYLE = Automatic;
				DEVELOPMENT_TEAM = 975H7B86B7;
				INFOPLIST_FILE = SimpleLoginTests/Info.plist;
				IPHONEOS_DEPLOYMENT_TARGET = 14.0;
				LD_RUNPATH_SEARCH_PATHS = (
					"$(inherited)",
					"@executable_path/Frameworks",
					"@loader_path/Frameworks",
				);
				PRODUCT_BUNDLE_IDENTIFIER = io.simplelogin.SimpleLoginTests;
				PRODUCT_NAME = "$(TARGET_NAME)";
				SWIFT_VERSION = 5.0;
				TARGETED_DEVICE_FAMILY = "1,2";
				TEST_HOST = "$(BUILT_PRODUCTS_DIR)/SimpleLogin.app/SimpleLogin";
			};
			name = Release;
		};
		C03488B6268A6F2E008D9629 /* Debug */ = {
			isa = XCBuildConfiguration;
			buildSettings = {
				ALWAYS_EMBED_SWIFT_STANDARD_LIBRARIES = YES;
				CODE_SIGN_STYLE = Automatic;
				DEVELOPMENT_TEAM = 975H7B86B7;
				INFOPLIST_FILE = SimpleLoginUITests/Info.plist;
				LD_RUNPATH_SEARCH_PATHS = (
					"$(inherited)",
					"@executable_path/Frameworks",
					"@loader_path/Frameworks",
				);
				PRODUCT_BUNDLE_IDENTIFIER = io.simplelogin.SimpleLoginUITests;
				PRODUCT_NAME = "$(TARGET_NAME)";
				SWIFT_VERSION = 5.0;
				TARGETED_DEVICE_FAMILY = "1,2";
				TEST_TARGET_NAME = SimpleLogin;
			};
			name = Debug;
		};
		C03488B7268A6F2E008D9629 /* Release */ = {
			isa = XCBuildConfiguration;
			buildSettings = {
				ALWAYS_EMBED_SWIFT_STANDARD_LIBRARIES = YES;
				CODE_SIGN_STYLE = Automatic;
				DEVELOPMENT_TEAM = 975H7B86B7;
				INFOPLIST_FILE = SimpleLoginUITests/Info.plist;
				LD_RUNPATH_SEARCH_PATHS = (
					"$(inherited)",
					"@executable_path/Frameworks",
					"@loader_path/Frameworks",
				);
				PRODUCT_BUNDLE_IDENTIFIER = io.simplelogin.SimpleLoginUITests;
				PRODUCT_NAME = "$(TARGET_NAME)";
				SWIFT_VERSION = 5.0;
				TARGETED_DEVICE_FAMILY = "1,2";
				TEST_TARGET_NAME = SimpleLogin;
			};
			name = Release;
		};
/* End XCBuildConfiguration section */

/* Begin XCConfigurationList section */
		C0348885268A6F29008D9629 /* Build configuration list for PBXProject "SimpleLogin" */ = {
			isa = XCConfigurationList;
			buildConfigurations = (
				C03488AD268A6F2E008D9629 /* Debug */,
				C03488AE268A6F2E008D9629 /* Release */,
			);
			defaultConfigurationIsVisible = 0;
			defaultConfigurationName = Release;
		};
		C03488AF268A6F2E008D9629 /* Build configuration list for PBXNativeTarget "SimpleLogin" */ = {
			isa = XCConfigurationList;
			buildConfigurations = (
				C03488B0268A6F2E008D9629 /* Debug */,
				C03488B1268A6F2E008D9629 /* Release */,
			);
			defaultConfigurationIsVisible = 0;
			defaultConfigurationName = Release;
		};
		C03488B2268A6F2E008D9629 /* Build configuration list for PBXNativeTarget "SimpleLoginTests" */ = {
			isa = XCConfigurationList;
			buildConfigurations = (
				C03488B3268A6F2E008D9629 /* Debug */,
				C03488B4268A6F2E008D9629 /* Release */,
			);
			defaultConfigurationIsVisible = 0;
			defaultConfigurationName = Release;
		};
		C03488B5268A6F2E008D9629 /* Build configuration list for PBXNativeTarget "SimpleLoginUITests" */ = {
			isa = XCConfigurationList;
			buildConfigurations = (
				C03488B6268A6F2E008D9629 /* Debug */,
				C03488B7268A6F2E008D9629 /* Release */,
			);
			defaultConfigurationIsVisible = 0;
			defaultConfigurationName = Release;
		};
/* End XCConfigurationList section */
	};
	rootObject = C0348882268A6F29008D9629 /* Project object */;
}
