{
  "object": {
    "pins": [
      {
        "package": "SimpleLoginPackage",
        "repositoryURL": "https://github.com/simple-login/swift-package",
        "state": {
          "branch": "main",
          "revision": "29683a3b2445c5b04cf38767aee8a3059b601d45",
          "version": null
        }
      }
    ]
  },
  "version": 1
}
